apiVersion: vendir.k14s.io/v1alpha1
directories:
- contents:
  - githubRelease:
      tag: v2.7.3
      url: https://api.github.com/repos/fluxcd/flux2/releases/257895642
    path: manifests
  path: components/flux/upstream
- contents:
  - helmChart:
      appVersion: v1.19.1
      version: v1.19.1
    path: chart
  path: components/cert-manager/upstream
kind: LockConfig
