apiVersion: vendir.k14s.io/v1alpha1
directories:
- contents:
  - githubRelease:
      tag: v2.7.3
      url: https://api.github.com/repos/fluxcd/flux2/releases/257895642
    path: manifests
  path: components/flux/upstream
- contents:
  - githubRelease:
      tag: v1.19.1
      url: https://api.github.com/repos/cert-manager/cert-manager/releases/254726664
    path: manifests
  path: components/cert-manager/upstream
- contents:
  - helmChart:
      appVersion: v1.0.0
      version: 1.0.0
    path: chart
  path: components/external-secrets/upstream
kind: LockConfig
