apiVersion: vendir.k14s.io/v1alpha1
directories:
- contents:
  - githubRelease:
      tag: v2.7.3
      url: https://api.github.com/repos/fluxcd/flux2/releases/257895642
    path: manifests
  path: components/flux/upstream
- contents:
  - githubRelease:
      tag: v1.19.1
      url: https://api.github.com/repos/cert-manager/cert-manager/releases/254726664
    path: manifests
  path: components/cert-manager/upstream
- contents:
  - helmChart:
      appVersion: v1.0.0
      version: 1.0.0
    path: chart
  path: components/external-secrets/upstream
- contents:
  - image:
      tag: v1.5.4
      url: index.docker.io/envoyproxy/gateway-helm@sha256:75139e07771830ffa1e9d5dbbb3d7037499bdfc757e70e536af592e085f69c1b
    path: chart
  path: components/envoy-gateway/upstream
kind: LockConfig
